
Microsoft Visual Studio Solution File, Format Version 12.00
# Visual Studio Version 17
VisualStudioVersion = 17.8.34511.84
MinimumVisualStudioVersion = 10.0.40219.1
Project("{FAE04EC0-301F-11D3-BF4B-00C04F79EFBC}") = "task2", "task2.csproj", "{0068C1BB-9842-4C41-A179-71CAABEE17AE}"
EndProject
Global
	GlobalSection(SolutionConfigurationPlatforms) = preSolution
		Debug|Any CPU = Debug|Any CPU
		Release|Any CPU = Release|Any CPU
	EndGlobalSection
	GlobalSection(ProjectConfigurationPlatforms) = postSolution
		{0068C1BB-9842-4C41-A179-71CAABEE17AE}.Debug|Any CPU.ActiveCfg = Debug|Any CPU
		{0068C1BB-9842-4C41-A179-71CAABEE17AE}.Debug|Any CPU.Build.0 = Debug|Any CPU
		{0068C1BB-9842-4C41-A179-71CAABEE17AE}.Release|Any CPU.ActiveCfg = Release|Any CPU
		{0068C1BB-9842-4C41-A179-71CAABEE17AE}.Release|Any CPU.Build.0 = Release|Any CPU
	EndGlobalSection
	GlobalSection(SolutionProperties) = preSolution
		HideSolutionNode = FALSE
	EndGlobalSection
	GlobalSection(ExtensibilityGlobals) = postSolution
		SolutionGuid = {FB617AC7-476E-49D8-8B55-9569E1611C2D}
	EndGlobalSection
EndGlobal
